
Microsoft Visual Studio Solution File, Format Version 12.00
# Visual Studio Version 16
VisualStudioVersion = 16.0.31911.196
MinimumVisualStudioVersion = 10.0.40219.1
Project("{FAE04EC0-301F-11D3-BF4B-00C04F79EFBC}") = "DZ_2", "DZ_2\DZ_2.csproj", "{821E46C8-9EA3-407D-AF38-1FD535633785}"
EndProject
Project("{FAE04EC0-301F-11D3-BF4B-00C04F79EFBC}") = "DZ_3", "DZ_3\DZ_3.csproj", "{E6FFE424-3312-4E50-8CD7-0BAC091469E8}"
EndProject
Project("{FAE04EC0-301F-11D3-BF4B-00C04F79EFBC}") = "DZ_8", "DZ_8\DZ_8.csproj", "{627E2049-DFDE-43FF-8279-4C38BEDD2899}"
EndProject
Project("{FAE04EC0-301F-11D3-BF4B-00C04F79EFBC}") = "DZ_4", "DZ_4\DZ_4.csproj", "{E913D9FD-F5B0-48D8-A68C-4B8091995E4A}"
EndProject
Global
	GlobalSection(SolutionConfigurationPlatforms) = preSolution
		Debug|Any CPU = Debug|Any CPU
		Release|Any CPU = Release|Any CPU
	EndGlobalSection
	GlobalSection(ProjectConfigurationPlatforms) = postSolution
		{821E46C8-9EA3-407D-AF38-1FD535633785}.Debug|Any CPU.ActiveCfg = Debug|Any CPU
		{821E46C8-9EA3-407D-AF38-1FD535633785}.Debug|Any CPU.Build.0 = Debug|Any CPU
		{821E46C8-9EA3-407D-AF38-1FD535633785}.Release|Any CPU.ActiveCfg = Release|Any CPU
		{821E46C8-9EA3-407D-AF38-1FD535633785}.Release|Any CPU.Build.0 = Release|Any CPU
		{E6FFE424-3312-4E50-8CD7-0BAC091469E8}.Debug|Any CPU.ActiveCfg = Debug|Any CPU
		{E6FFE424-3312-4E50-8CD7-0BAC091469E8}.Debug|Any CPU.Build.0 = Debug|Any CPU
		{E6FFE424-3312-4E50-8CD7-0BAC091469E8}.Release|Any CPU.ActiveCfg = Release|Any CPU
		{E6FFE424-3312-4E50-8CD7-0BAC091469E8}.Release|Any CPU.Build.0 = Release|Any CPU
		{627E2049-DFDE-43FF-8279-4C38BEDD2899}.Debug|Any CPU.ActiveCfg = Debug|Any CPU
		{627E2049-DFDE-43FF-8279-4C38BEDD2899}.Debug|Any CPU.Build.0 = Debug|Any CPU
		{627E2049-DFDE-43FF-8279-4C38BEDD2899}.Release|Any CPU.ActiveCfg = Release|Any CPU
		{627E2049-DFDE-43FF-8279-4C38BEDD2899}.Release|Any CPU.Build.0 = Release|Any CPU
		{E913D9FD-F5B0-48D8-A68C-4B8091995E4A}.Debug|Any CPU.ActiveCfg = Debug|Any CPU
		{E913D9FD-F5B0-48D8-A68C-4B8091995E4A}.Debug|Any CPU.Build.0 = Debug|Any CPU
		{E913D9FD-F5B0-48D8-A68C-4B8091995E4A}.Release|Any CPU.ActiveCfg = Release|Any CPU
		{E913D9FD-F5B0-48D8-A68C-4B8091995E4A}.Release|Any CPU.Build.0 = Release|Any CPU
	EndGlobalSection
	GlobalSection(SolutionProperties) = preSolution
		HideSolutionNode = FALSE
	EndGlobalSection
	GlobalSection(ExtensibilityGlobals) = postSolution
		SolutionGuid = {3C6A5159-EEFE-44CE-B08F-6BDE21F03A88}
	EndGlobalSection
EndGlobal
